// !$*UTF8*$!
{
	archiveVersion = 1;
	classes = {
	};
	objectVersion = 46;
	objects = {

/* Begin PBXBuildFile section */
		65CD8E751AE23E3D00A19126 /* main.m in Sources */ = {isa = PBXBuildFile; fileRef = 65CD8E741AE23E3D00A19126 /* main.m */; };
		65CD8E781AE23E3D00A19126 /* AppDelegate.m in Sources */ = {isa = PBXBuildFile; fileRef = 65CD8E771AE23E3D00A19126 /* AppDelegate.m */; };
		65CD8E7B1AE23E3D00A19126 /* ViewController.m in Sources */ = {isa = PBXBuildFile; fileRef = 65CD8E7A1AE23E3D00A19126 /* ViewController.m */; };
		65CD8E7E1AE23E3D00A19126 /* Main.storyboard in Resources */ = {isa = PBXBuildFile; fileRef = 65CD8E7C1AE23E3D00A19126 /* Main.storyboard */; };
		65CD8E801AE23E3D00A19126 /* Images.xcassets in Resources */ = {isa = PBXBuildFile; fileRef = 65CD8E7F1AE23E3D00A19126 /* Images.xcassets */; };
		65CD8E831AE23E3D00A19126 /* LaunchScreen.xib in Resources */ = {isa = PBXBuildFile; fileRef = 65CD8E811AE23E3D00A19126 /* LaunchScreen.xib */; };
		65CD8E8F1AE23E3D00A19126 /* RabbitTests.m in Sources */ = {isa = PBXBuildFile; fileRef = 65CD8E8E1AE23E3D00A19126 /* RabbitTests.m */; };
		65CD8E9D1AE23E6A00A19126 /* Rabbit.m in Sources */ = {isa = PBXBuildFile; fileRef = 65CD8E9C1AE23E6A00A19126 /* Rabbit.m */; };
		65CD8E9E1AE23E7000A19126 /* Rabbit.m in Sources */ = {isa = PBXBuildFile; fileRef = 65CD8E9C1AE23E6A00A19126 /* Rabbit.m */; };
		65CD8EA01AE2406500A19126 /* sample.json in Resources */ = {isa = PBXBuildFile; fileRef = 65CD8E9F1AE2406500A19126 /* sample.json */; };
		65CD8EA11AE2406500A19126 /* sample.json in Resources */ = {isa = PBXBuildFile; fileRef = 65CD8E9F1AE2406500A19126 /* sample.json */; };
/* End PBXBuildFile section */

/* Begin PBXContainerItemProxy section */
		65CD8E891AE23E3D00A19126 /* PBXContainerItemProxy */ = {
			isa = PBXContainerItemProxy;
			containerPortal = 65CD8E671AE23E3D00A19126 /* Project object */;
			proxyType = 1;
			remoteGlobalIDString = 65CD8E6E1AE23E3D00A19126;
			remoteInfo = Rabbit;
		};
/* End PBXContainerItemProxy section */

/* Begin PBXFileReference section */
		65CD8E6F1AE23E3D00A19126 /* Rabbit.app */ = {isa = PBXFileReference; explicitFileType = wrapper.application; includeInIndex = 0; path = Rabbit.app; sourceTree = BUILT_PRODUCTS_DIR; };
		65CD8E731AE23E3D00A19126 /* Info.plist */ = {isa = PBXFileReference; lastKnownFileType = text.plist.xml; path = Info.plist; sourceTree = "<group>"; };
		65CD8E741AE23E3D00A19126 /* main.m */ = {isa = PBXFileReference; lastKnownFileType = sourcecode.c.objc; path = main.m; sourceTree = "<group>"; };
		65CD8E761AE23E3D00A19126 /* AppDelegate.h */ = {isa = PBXFileReference; lastKnownFileType = sourcecode.c.h; path = AppDelegate.h; sourceTree = "<group>"; };
		65CD8E771AE23E3D00A19126 /* AppDelegate.m */ = {isa = PBXFileReference; lastKnownFileType = sourcecode.c.objc; path = AppDelegate.m; sourceTree = "<group>"; };
		65CD8E791AE23E3D00A19126 /* ViewController.h */ = {isa = PBXFileReference; lastKnownFileType = sourcecode.c.h; path = ViewController.h; sourceTree = "<group>"; };
		65CD8E7A1AE23E3D00A19126 /* ViewController.m */ = {isa = PBXFileReference; lastKnownFileType = sourcecode.c.objc; path = ViewController.m; sourceTree = "<group>"; };
		65CD8E7D1AE23E3D00A19126 /* Base */ = {isa = PBXFileReference; lastKnownFileType = file.storyboard; name = Base; path = Base.lproj/Main.storyboard; sourceTree = "<group>"; };
		65CD8E7F1AE23E3D00A19126 /* Images.xcassets */ = {isa = PBXFileReference; lastKnownFileType = folder.assetcatalog; path = Images.xcassets; sourceTree = "<group>"; };
		65CD8E821AE23E3D00A19126 /* Base */ = {isa = PBXFileReference; lastKnownFileType = file.xib; name = Base; path = Base.lproj/LaunchScreen.xib; sourceTree = "<group>"; };
		65CD8E881AE23E3D00A19126 /* RabbitTests.xctest */ = {isa = PBXFileReference; explicitFileType = wrapper.cfbundle; includeInIndex = 0; path = RabbitTests.xctest; sourceTree = BUILT_PRODUCTS_DIR; };
		65CD8E8D1AE23E3D00A19126 /* Info.plist */ = {isa = PBXFileReference; lastKnownFileType = text.plist.xml; path = Info.plist; sourceTree = "<group>"; };
		65CD8E8E1AE23E3D00A19126 /* RabbitTests.m */ = {isa = PBXFileReference; lastKnownFileType = sourcecode.c.objc; path = RabbitTests.m; sourceTree = "<group>"; };
		65CD8E9B1AE23E6A00A19126 /* Rabbit.h */ = {isa = PBXFileReference; fileEncoding = 4; lastKnownFileType = sourcecode.c.h; path = Rabbit.h; sourceTree = "<group>"; };
		65CD8E9C1AE23E6A00A19126 /* Rabbit.m */ = {isa = PBXFileReference; fileEncoding = 4; lastKnownFileType = sourcecode.c.objc; path = Rabbit.m; sourceTree = "<group>"; };
		65CD8E9F1AE2406500A19126 /* sample.json */ = {isa = PBXFileReference; fileEncoding = 4; lastKnownFileType = text.json; name = sample.json; path = ../../../../../../../../../../../../../Users/htainlinshwe/Downloads/sample.json; sourceTree = "<group>"; };
/* End PBXFileReference section */

/* Begin PBXFrameworksBuildPhase section */
		65CD8E6C1AE23E3D00A19126 /* Frameworks */ = {
			isa = PBXFrameworksBuildPhase;
			buildActionMask = 2147483647;
			files = (
			);
			runOnlyForDeploymentPostprocessing = 0;
		};
		65CD8E851AE23E3D00A19126 /* Frameworks */ = {
			isa = PBXFrameworksBuildPhase;
			buildActionMask = 2147483647;
			files = (
			);
			runOnlyForDeploymentPostprocessing = 0;
		};
/* End PBXFrameworksBuildPhase section */

/* Begin PBXGroup section */
		65CD8E661AE23E3D00A19126 = {
			isa = PBXGroup;
			children = (
				65CD8E711AE23E3D00A19126 /* Rabbit */,
				65CD8E8B1AE23E3D00A19126 /* RabbitTests */,
				65CD8E701AE23E3D00A19126 /* Products */,
			);
			sourceTree = "<group>";
		};
		65CD8E701AE23E3D00A19126 /* Products */ = {
			isa = PBXGroup;
			children = (
				65CD8E6F1AE23E3D00A19126 /* Rabbit.app */,
				65CD8E881AE23E3D00A19126 /* RabbitTests.xctest */,
			);
			name = Products;
			sourceTree = "<group>";
		};
		65CD8E711AE23E3D00A19126 /* Rabbit */ = {
			isa = PBXGroup;
			children = (
				65CD8E9A1AE23E6A00A19126 /* Classes */,
				65CD8E761AE23E3D00A19126 /* AppDelegate.h */,
				65CD8E771AE23E3D00A19126 /* AppDelegate.m */,
				65CD8E791AE23E3D00A19126 /* ViewController.h */,
				65CD8E7A1AE23E3D00A19126 /* ViewController.m */,
				65CD8E9F1AE2406500A19126 /* sample.json */,
				65CD8E7C1AE23E3D00A19126 /* Main.storyboard */,
				65CD8E7F1AE23E3D00A19126 /* Images.xcassets */,
				65CD8E811AE23E3D00A19126 /* LaunchScreen.xib */,
				65CD8E721AE23E3D00A19126 /* Supporting Files */,
			);
			path = Rabbit;
			sourceTree = "<group>";
		};
		65CD8E721AE23E3D00A19126 /* Supporting Files */ = {
			isa = PBXGroup;
			children = (
				65CD8E731AE23E3D00A19126 /* Info.plist */,
				65CD8E741AE23E3D00A19126 /* main.m */,
			);
			name = "Supporting Files";
			sourceTree = "<group>";
		};
		65CD8E8B1AE23E3D00A19126 /* RabbitTests */ = {
			isa = PBXGroup;
			children = (
				65CD8E8E1AE23E3D00A19126 /* RabbitTests.m */,
				65CD8E8C1AE23E3D00A19126 /* Supporting Files */,
			);
			path = RabbitTests;
			sourceTree = "<group>";
		};
		65CD8E8C1AE23E3D00A19126 /* Supporting Files */ = {
			isa = PBXGroup;
			children = (
				65CD8E8D1AE23E3D00A19126 /* Info.plist */,
			);
			name = "Supporting Files";
			sourceTree = "<group>";
		};
		65CD8E9A1AE23E6A00A19126 /* Classes */ = {
			isa = PBXGroup;
			children = (
				65CD8E9B1AE23E6A00A19126 /* Rabbit.h */,
				65CD8E9C1AE23E6A00A19126 /* Rabbit.m */,
			);
			name = Classes;
			path = ../../../Classes;
			sourceTree = "<group>";
		};
/* End PBXGroup section */

/* Begin PBXNativeTarget section */
		65CD8E6E1AE23E3D00A19126 /* Rabbit */ = {
			isa = PBXNativeTarget;
			buildConfigurationList = 65CD8E921AE23E3D00A19126 /* Build configuration list for PBXNativeTarget "Rabbit" */;
			buildPhases = (
				65CD8E6B1AE23E3D00A19126 /* Sources */,
				65CD8E6C1AE23E3D00A19126 /* Frameworks */,
				65CD8E6D1AE23E3D00A19126 /* Resources */,
			);
			buildRules = (
			);
			dependencies = (
			);
			name = Rabbit;
			productName = Rabbit;
			productReference = 65CD8E6F1AE23E3D00A19126 /* Rabbit.app */;
			productType = "com.apple.product-type.application";
		};
		65CD8E871AE23E3D00A19126 /* RabbitTests */ = {
			isa = PBXNativeTarget;
			buildConfigurationList = 65CD8E951AE23E3D00A19126 /* Build configuration list for PBXNativeTarget "RabbitTests" */;
			buildPhases = (
				65CD8E841AE23E3D00A19126 /* Sources */,
				65CD8E851AE23E3D00A19126 /* Frameworks */,
				65CD8E861AE23E3D00A19126 /* Resources */,
			);
			buildRules = (
			);
			dependencies = (
				65CD8E8A1AE23E3D00A19126 /* PBXTargetDependency */,
			);
			name = RabbitTests;
			productName = RabbitTests;
			productReference = 65CD8E881AE23E3D00A19126 /* RabbitTests.xctest */;
			productType = "com.apple.product-type.bundle.unit-test";
		};
/* End PBXNativeTarget section */

/* Begin PBXProject section */
		65CD8E671AE23E3D00A19126 /* Project object */ = {
			isa = PBXProject;
			attributes = {
				LastUpgradeCheck = 0630;
				ORGANIZATIONNAME = comquas;
				TargetAttributes = {
					65CD8E6E1AE23E3D00A19126 = {
						CreatedOnToolsVersion = 6.3;
					};
					65CD8E871AE23E3D00A19126 = {
						CreatedOnToolsVersion = 6.3;
						TestTargetID = 65CD8E6E1AE23E3D00A19126;
					};
				};
			};
			buildConfigurationList = 65CD8E6A1AE23E3D00A19126 /* Build configuration list for PBXProject "Rabbit" */;
			compatibilityVersion = "Xcode 3.2";
			developmentRegion = English;
			hasScannedForEncodings = 0;
			knownRegions = (
				en,
				Base,
			);
			mainGroup = 65CD8E661AE23E3D00A19126;
			productRefGroup = 65CD8E701AE23E3D00A19126 /* Products */;
			projectDirPath = "";
			projectRoot = "";
			targets = (
				65CD8E6E1AE23E3D00A19126 /* Rabbit */,
				65CD8E871AE23E3D00A19126 /* RabbitTests */,
			);
		};
/* End PBXProject section */

/* Begin PBXResourcesBuildPhase section */
		65CD8E6D1AE23E3D00A19126 /* Resources */ = {
			isa = PBXResourcesBuildPhase;
			buildActionMask = 2147483647;
			files = (
				65CD8E7E1AE23E3D00A19126 /* Main.storyboard in Resources */,
				65CD8EA01AE2406500A19126 /* sample.json in Resources */,
				65CD8E831AE23E3D00A19126 /* LaunchScreen.xib in Resources */,
				65CD8E801AE23E3D00A19126 /* Images.xcassets in Resources */,
			);
			runOnlyForDeploymentPostprocessing = 0;
		};
		65CD8E861AE23E3D00A19126 /* Resources */ = {
			isa = PBXResourcesBuildPhase;
			buildActionMask = 2147483647;
			files = (
				65CD8EA11AE2406500A19126 /* sample.json in Resources */,
			);
			runOnlyForDeploymentPostprocessing = 0;
		};
/* End PBXResourcesBuildPhase section */

/* Begin PBXSourcesBuildPhase section */
		65CD8E6B1AE23E3D00A19126 /* Sources */ = {
			isa = PBXSourcesBuildPhase;
			buildActionMask = 2147483647;
			files = (
				65CD8E7B1AE23E3D00A19126 /* ViewController.m in Sources */,
				65CD8E781AE23E3D00A19126 /* AppDelegate.m in Sources */,
				65CD8E751AE23E3D00A19126 /* main.m in Sources */,
				65CD8E9D1AE23E6A00A19126 /* Rabbit.m in Sources */,
			);
			runOnlyForDeploymentPostprocessing = 0;
		};
		65CD8E841AE23E3D00A19126 /* Sources */ = {
			isa = PBXSourcesBuildPhase;
			buildActionMask = 2147483647;
			files = (
				65CD8E8F1AE23E3D00A19126 /* RabbitTests.m in Sources */,
				65CD8E9E1AE23E7000A19126 /* Rabbit.m in Sources */,
			);
			runOnlyForDeploymentPostprocessing = 0;
		};
/* End PBXSourcesBuildPhase section */

/* Begin PBXTargetDependency section */
		65CD8E8A1AE23E3D00A19126 /* PBXTargetDependency */ = {
			isa = PBXTargetDependency;
			target = 65CD8E6E1AE23E3D00A19126 /* Rabbit */;
			targetProxy = 65CD8E891AE23E3D00A19126 /* PBXContainerItemProxy */;
		};
/* End PBXTargetDependency section */

/* Begin PBXVariantGroup section */
		65CD8E7C1AE23E3D00A19126 /* Main.storyboard */ = {
			isa = PBXVariantGroup;
			children = (
				65CD8E7D1AE23E3D00A19126 /* Base */,
			);
			name = Main.storyboard;
			sourceTree = "<group>";
		};
		65CD8E811AE23E3D00A19126 /* LaunchScreen.xib */ = {
			isa = PBXVariantGroup;
			children = (
				65CD8E821AE23E3D00A19126 /* Base */,
			);
			name = LaunchScreen.xib;
			sourceTree = "<group>";
		};
/* End PBXVariantGroup section */

/* Begin XCBuildConfiguration section */
		65CD8E901AE23E3D00A19126 /* Debug */ = {
			isa = XCBuildConfiguration;
			buildSettings = {
				ALWAYS_SEARCH_USER_PATHS = NO;
				CLANG_CXX_LANGUAGE_STANDARD = "gnu++0x";
				CLANG_CXX_LIBRARY = "libc++";
				CLANG_ENABLE_MODULES = YES;
				CLANG_ENABLE_OBJC_ARC = YES;
				CLANG_WARN_BOOL_CONVERSION = YES;
				CLANG_WARN_CONSTANT_CONVERSION = YES;
				CLANG_WARN_DIRECT_OBJC_ISA_USAGE = YES_ERROR;
				CLANG_WARN_EMPTY_BODY = YES;
				CLANG_WARN_ENUM_CONVERSION = YES;
				CLANG_WARN_INT_CONVERSION = YES;
				CLANG_WARN_OBJC_ROOT_CLASS = YES_ERROR;
				CLANG_WARN_UNREACHABLE_CODE = YES;
				CLANG_WARN__DUPLICATE_METHOD_MATCH = YES;
				"CODE_SIGN_IDENTITY[sdk=iphoneos*]" = "iPhone Developer";
				COPY_PHASE_STRIP = NO;
				DEBUG_INFORMATION_FORMAT = "dwarf-with-dsym";
				ENABLE_STRICT_OBJC_MSGSEND = YES;
				GCC_C_LANGUAGE_STANDARD = gnu99;
				GCC_DYNAMIC_NO_PIC = NO;
				GCC_NO_COMMON_BLOCKS = YES;
				GCC_OPTIMIZATION_LEVEL = 0;
				GCC_PREPROCESSOR_DEFINITIONS = (
					"DEBUG=1",
					"$(inherited)",
				);
				GCC_SYMBOLS_PRIVATE_EXTERN = NO;
				GCC_WARN_64_TO_32_BIT_CONVERSION = YES;
				GCC_WARN_ABOUT_RETURN_TYPE = YES_ERROR;
				GCC_WARN_UNDECLARED_SELECTOR = YES;
				GCC_WARN_UNINITIALIZED_AUTOS = YES_AGGRESSIVE;
				GCC_WARN_UNUSED_FUNCTION = YES;
				GCC_WARN_UNUSED_VARIABLE = YES;
				IPHONEOS_DEPLOYMENT_TARGET = 8.3;
				MTL_ENABLE_DEBUG_INFO = YES;
				ONLY_ACTIVE_ARCH = YES;
				SDKROOT = iphoneos;
				TARGETED_DEVICE_FAMILY = "1,2";
			};
			name = Debug;
		};
		65CD8E911AE23E3D00A19126 /* Release */ = {
			isa = XCBuildConfiguration;
			buildSettings = {
				ALWAYS_SEARCH_USER_PATHS = NO;
				CLANG_CXX_LANGUAGE_STANDARD = "gnu++0x";
				CLANG_CXX_LIBRARY = "libc++";
				CLANG_ENABLE_MODULES = YES;
				CLANG_ENABLE_OBJC_ARC = YES;
				CLANG_WARN_BOOL_CONVERSION = YES;
				CLANG_WARN_CONSTANT_CONVERSION = YES;
				CLANG_WARN_DIRECT_OBJC_ISA_USAGE = YES_ERROR;
				CLANG_WARN_EMPTY_BODY = YES;
				CLANG_WARN_ENUM_CONVERSION = YES;
				CLANG_WARN_INT_CONVERSION = YES;
				CLANG_WARN_OBJC_ROOT_CLASS = YES_ERROR;
				CLANG_WARN_UNREACHABLE_CODE = YES;
				CLANG_WARN__DUPLICATE_METHOD_MATCH = YES;
				"CODE_SIGN_IDENTITY[sdk=iphoneos*]" = "iPhone Developer";
				COPY_PHASE_STRIP = NO;
				DEBUG_INFORMATION_FORMAT = "dwarf-with-dsym";
				ENABLE_NS_ASSERTIONS = NO;
				ENABLE_STRICT_OBJC_MSGSEND = YES;
				GCC_C_LANGUAGE_STANDARD = gnu99;
				GCC_NO_COMMON_BLOCKS = YES;
				GCC_WARN_64_TO_32_BIT_CONVERSION = YES;
				GCC_WARN_ABOUT_RETURN_TYPE = YES_ERROR;
				GCC_WARN_UNDECLARED_SELECTOR = YES;
				GCC_WARN_UNINITIALIZED_AUTOS = YES_AGGRESSIVE;
				GCC_WARN_UNUSED_FUNCTION = YES;
				GCC_WARN_UNUSED_VARIABLE = YES;
				IPHONEOS_DEPLOYMENT_TARGET = 8.3;
				MTL_ENABLE_DEBUG_INFO = NO;
				SDKROOT = iphoneos;
				TARGETED_DEVICE_FAMILY = "1,2";
				VALIDATE_PRODUCT = YES;
			};
			name = Release;
		};
		65CD8E931AE23E3D00A19126 /* Debug */ = {
			isa = XCBuildConfiguration;
			buildSettings = {
				ASSETCATALOG_COMPILER_APPICON_NAME = AppIcon;
				INFOPLIST_FILE = Rabbit/Info.plist;
				LD_RUNPATH_SEARCH_PATHS = "$(inherited) @executable_path/Frameworks";
				PRODUCT_NAME = "$(TARGET_NAME)";
			};
			name = Debug;
		};
		65CD8E941AE23E3D00A19126 /* Release */ = {
			isa = XCBuildConfiguration;
			buildSettings = {
				ASSETCATALOG_COMPILER_APPICON_NAME = AppIcon;
				INFOPLIST_FILE = Rabbit/Info.plist;
				LD_RUNPATH_SEARCH_PATHS = "$(inherited) @executable_path/Frameworks";
				PRODUCT_NAME = "$(TARGET_NAME)";
			};
			name = Release;
		};
		65CD8E961AE23E3D00A19126 /* Debug */ = {
			isa = XCBuildConfiguration;
			buildSettings = {
				BUNDLE_LOADER = "$(TEST_HOST)";
				FRAMEWORK_SEARCH_PATHS = (
					"$(SDKROOT)/Developer/Library/Frameworks",
					"$(inherited)",
				);
				GCC_PREPROCESSOR_DEFINITIONS = (
					"DEBUG=1",
					"$(inherited)",
				);
				INFOPLIST_FILE = RabbitTests/Info.plist;
				LD_RUNPATH_SEARCH_PATHS = "$(inherited) @executable_path/Frameworks @loader_path/Frameworks";
				PRODUCT_NAME = "$(TARGET_NAME)";
				TEST_HOST = "$(BUILT_PRODUCTS_DIR)/Rabbit.app/Rabbit";
			};
			name = Debug;
		};
		65CD8E971AE23E3D00A19126 /* Release */ = {
			isa = XCBuildConfiguration;
			buildSettings = {
				BUNDLE_LOADER = "$(TEST_HOST)";
				FRAMEWORK_SEARCH_PATHS = (
					"$(SDKROOT)/Developer/Library/Frameworks",
					"$(inherited)",
				);
				INFOPLIST_FILE = RabbitTests/Info.plist;
				LD_RUNPATH_SEARCH_PATHS = "$(inherited) @executable_path/Frameworks @loader_path/Frameworks";
				PRODUCT_NAME = "$(TARGET_NAME)";
				TEST_HOST = "$(BUILT_PRODUCTS_DIR)/Rabbit.app/Rabbit";
			};
			name = Release;
		};
/* End XCBuildConfiguration section */

/* Begin XCConfigurationList section */
		65CD8E6A1AE23E3D00A19126 /* Build configuration list for PBXProject "Rabbit" */ = {
			isa = XCConfigurationList;
			buildConfigurations = (
				65CD8E901AE23E3D00A19126 /* Debug */,
				65CD8E911AE23E3D00A19126 /* Release */,
			);
			defaultConfigurationIsVisible = 0;
			defaultConfigurationName = Release;
		};
		65CD8E921AE23E3D00A19126 /* Build configuration list for PBXNativeTarget "Rabbit" */ = {
			isa = XCConfigurationList;
			buildConfigurations = (
				65CD8E931AE23E3D00A19126 /* Debug */,
				65CD8E941AE23E3D00A19126 /* Release */,
			);
			defaultConfigurationIsVisible = 0;
		};
		65CD8E951AE23E3D00A19126 /* Build configuration list for PBXNativeTarget "RabbitTests" */ = {
			isa = XCConfigurationList;
			buildConfigurations = (
				65CD8E961AE23E3D00A19126 /* Debug */,
				65CD8E971AE23E3D00A19126 /* Release */,
			);
			defaultConfigurationIsVisible = 0;
		};
/* End XCConfigurationList section */
	};
	rootObject = 65CD8E671AE23E3D00A19126 /* Project object */;
}
